
Microsoft Visual Studio Solution File, Format Version 12.00
# Visual Studio 2017
Project("{FAE04EC0-301F-11D3-BF4B-00C04F79EFBC}") = "xLuaProject_2017_3", "xLuaProject_2017_3.csproj", "{F509579A-7DB1-7A0F-E51D-2336C840B385}"
EndProject
Project("{FAE04EC0-301F-11D3-BF4B-00C04F79EFBC}") = "xLuaProject_2017_3.Editor", "xLuaProject_2017_3.Editor.csproj", "{413CDD1D-32D0-12BA-9E01-619DA86B21D7}"
EndProject
Global
	GlobalSection(SolutionConfigurationPlatforms) = preSolution
		Debug|Any CPU = Debug|Any CPU
		Release|Any CPU = Release|Any CPU
	EndGlobalSection
	GlobalSection(ProjectConfigurationPlatforms) = postSolution
		{F509579A-7DB1-7A0F-E51D-2336C840B385}.Debug|Any CPU.ActiveCfg = Debug|Any CPU
		{F509579A-7DB1-7A0F-E51D-2336C840B385}.Debug|Any CPU.Build.0 = Debug|Any CPU
		{F509579A-7DB1-7A0F-E51D-2336C840B385}.Release|Any CPU.ActiveCfg = Release|Any CPU
		{F509579A-7DB1-7A0F-E51D-2336C840B385}.Release|Any CPU.Build.0 = Release|Any CPU
		{413CDD1D-32D0-12BA-9E01-619DA86B21D7}.Debug|Any CPU.ActiveCfg = Debug|Any CPU
		{413CDD1D-32D0-12BA-9E01-619DA86B21D7}.Debug|Any CPU.Build.0 = Debug|Any CPU
		{413CDD1D-32D0-12BA-9E01-619DA86B21D7}.Release|Any CPU.ActiveCfg = Release|Any CPU
		{413CDD1D-32D0-12BA-9E01-619DA86B21D7}.Release|Any CPU.Build.0 = Release|Any CPU
	EndGlobalSection
	GlobalSection(SolutionProperties) = preSolution
		HideSolutionNode = FALSE
	EndGlobalSection
EndGlobal
